Microsoft Visual Studio Solution File, Format Version 12.00
# Visual Studio 2012
Project("{FAE04EC0-301F-11D3-BF4B-00C04F79EFBC}") = "Bank", "Bank\Bank.csproj", "{699DF7FD-A37E-44BE-ADC0-7A5D9EAB8F0F}"
EndProject
Project("{FAE04EC0-301F-11D3-BF4B-00C04F79EFBC}") = "TestBank", "TestBank\TestBank.csproj", "{05C48DA1-662F-4835-985C-1D15F4F41B98}"
EndProject
Global
	GlobalSection(SolutionConfigurationPlatforms) = preSolution
		Debug|Any CPU = Debug|Any CPU
		Release|Any CPU = Release|Any CPU
	EndGlobalSection
	GlobalSection(ProjectConfigurationPlatforms) = postSolution
		{699DF7FD-A37E-44BE-ADC0-7A5D9EAB8F0F}.Debug|Any CPU.ActiveCfg = Debug|Any CPU
		{699DF7FD-A37E-44BE-ADC0-7A5D9EAB8F0F}.Debug|Any CPU.Build.0 = Debug|Any CPU
		{699DF7FD-A37E-44BE-ADC0-7A5D9EAB8F0F}.Release|Any CPU.ActiveCfg = Release|Any CPU
		{699DF7FD-A37E-44BE-ADC0-7A5D9EAB8F0F}.Release|Any CPU.Build.0 = Release|Any CPU
		{05C48DA1-662F-4835-985C-1D15F4F41B98}.Debug|Any CPU.ActiveCfg = Debug|Any CPU
		{05C48DA1-662F-4835-985C-1D15F4F41B98}.Debug|Any CPU.Build.0 = Debug|Any CPU
		{05C48DA1-662F-4835-985C-1D15F4F41B98}.Release|Any CPU.ActiveCfg = Release|Any CPU
		{05C48DA1-662F-4835-985C-1D15F4F41B98}.Release|Any CPU.Build.0 = Release|Any CPU
	EndGlobalSection
	GlobalSection(SolutionProperties) = preSolution
		HideSolutionNode = FALSE
	EndGlobalSection
EndGlobal
