
Microsoft Visual Studio Solution File, Format Version 12.00
# Visual Studio 2012
Project("{FAE04EC0-301F-11D3-BF4B-00C04F79EFBC}") = "Labyrinth", "Labyrinth.csproj", "{5DA427F9-9891-40EB-85F8-19E00CC5F816}"
EndProject
Global
	GlobalSection(SolutionConfigurationPlatforms) = preSolution
		Debug|x86 = Debug|x86
		Release|x86 = Release|x86
	EndGlobalSection
	GlobalSection(ProjectConfigurationPlatforms) = postSolution
		{5DA427F9-9891-40EB-85F8-19E00CC5F816}.Debug|x86.ActiveCfg = Debug|x86
		{5DA427F9-9891-40EB-85F8-19E00CC5F816}.Debug|x86.Build.0 = Debug|x86
		{5DA427F9-9891-40EB-85F8-19E00CC5F816}.Release|x86.ActiveCfg = Release|x86
		{5DA427F9-9891-40EB-85F8-19E00CC5F816}.Release|x86.Build.0 = Release|x86
	EndGlobalSection
	GlobalSection(SolutionProperties) = preSolution
		HideSolutionNode = FALSE
	EndGlobalSection
EndGlobal
