
Microsoft Visual Studio Solution File, Format Version 12.00
# Visual Studio 2012
Project("{FAE04EC0-301F-11D3-BF4B-00C04F79EFBC}") = "MandelbrotFractal", "Mandelbrot-Fractal\MandelbrotFractal.csproj", "{DFC200D4-60B3-4B82-BE0A-7AE113A084BC}"
EndProject
Project("{FAE04EC0-301F-11D3-BF4B-00C04F79EFBC}") = "StopwatchDemo", "StopwatchDemo\StopwatchDemo.csproj", "{7618C374-1DB1-4C55-B37C-2B32FCE35117}"
EndProject
Global
	GlobalSection(SolutionConfigurationPlatforms) = preSolution
		Debug|Any CPU = Debug|Any CPU
		Release|Any CPU = Release|Any CPU
	EndGlobalSection
	GlobalSection(ProjectConfigurationPlatforms) = postSolution
		{DFC200D4-60B3-4B82-BE0A-7AE113A084BC}.Debug|Any CPU.ActiveCfg = Debug|Any CPU
		{DFC200D4-60B3-4B82-BE0A-7AE113A084BC}.Debug|Any CPU.Build.0 = Debug|Any CPU
		{DFC200D4-60B3-4B82-BE0A-7AE113A084BC}.Release|Any CPU.ActiveCfg = Release|Any CPU
		{DFC200D4-60B3-4B82-BE0A-7AE113A084BC}.Release|Any CPU.Build.0 = Release|Any CPU
		{7618C374-1DB1-4C55-B37C-2B32FCE35117}.Debug|Any CPU.ActiveCfg = Debug|Any CPU
		{7618C374-1DB1-4C55-B37C-2B32FCE35117}.Debug|Any CPU.Build.0 = Debug|Any CPU
		{7618C374-1DB1-4C55-B37C-2B32FCE35117}.Release|Any CPU.ActiveCfg = Release|Any CPU
		{7618C374-1DB1-4C55-B37C-2B32FCE35117}.Release|Any CPU.Build.0 = Release|Any CPU
	EndGlobalSection
	GlobalSection(SolutionProperties) = preSolution
		HideSolutionNode = FALSE
	EndGlobalSection
EndGlobal
