
Microsoft Visual Studio Solution File, Format Version 12.00
# Visual Studio 2012
Project("{FAE04EC0-301F-11D3-BF4B-00C04F79EFBC}") = "Cars", "Cars\Cars.csproj", "{997386A6-C00E-424B-BBE5-D20C568543C3}"
EndProject
Project("{FAE04EC0-301F-11D3-BF4B-00C04F79EFBC}") = "Cars.Tests.JustMock", "Cars.Tests.JustMock\Cars.Tests.JustMock.csproj", "{8B31F91E-51CC-4C9F-81CE-56FD35EF12CC}"
EndProject
Global
	GlobalSection(SolutionConfigurationPlatforms) = preSolution
		Debug|Any CPU = Debug|Any CPU
		Release|Any CPU = Release|Any CPU
	EndGlobalSection
	GlobalSection(ProjectConfigurationPlatforms) = postSolution
		{997386A6-C00E-424B-BBE5-D20C568543C3}.Debug|Any CPU.ActiveCfg = Debug|Any CPU
		{997386A6-C00E-424B-BBE5-D20C568543C3}.Debug|Any CPU.Build.0 = Debug|Any CPU
		{997386A6-C00E-424B-BBE5-D20C568543C3}.Release|Any CPU.ActiveCfg = Release|Any CPU
		{997386A6-C00E-424B-BBE5-D20C568543C3}.Release|Any CPU.Build.0 = Release|Any CPU
		{8B31F91E-51CC-4C9F-81CE-56FD35EF12CC}.Debug|Any CPU.ActiveCfg = Debug|Any CPU
		{8B31F91E-51CC-4C9F-81CE-56FD35EF12CC}.Debug|Any CPU.Build.0 = Debug|Any CPU
		{8B31F91E-51CC-4C9F-81CE-56FD35EF12CC}.Release|Any CPU.ActiveCfg = Release|Any CPU
		{8B31F91E-51CC-4C9F-81CE-56FD35EF12CC}.Release|Any CPU.Build.0 = Release|Any CPU
	EndGlobalSection
	GlobalSection(SolutionProperties) = preSolution
		HideSolutionNode = FALSE
	EndGlobalSection
EndGlobal
