
Microsoft Visual Studio Solution File, Format Version 12.00
# Visual Studio 2012
Project("{FAE04EC0-301F-11D3-BF4B-00C04F79EFBC}") = "Assertions-Homework", "Assertions-Homework\Assertions-Homework.csproj", "{840DED57-5767-4E3F-BCF1-CF91ECDFA1C8}"
EndProject
Project("{FAE04EC0-301F-11D3-BF4B-00C04F79EFBC}") = "Exceptions-Homework", "Exceptions-Homework\Exceptions-Homework.csproj", "{DB5812C6-8809-432A-938B-BEDD67FFAF79}"
EndProject
Global
	GlobalSection(SolutionConfigurationPlatforms) = preSolution
		Debug|Any CPU = Debug|Any CPU
		Release|Any CPU = Release|Any CPU
	EndGlobalSection
	GlobalSection(ProjectConfigurationPlatforms) = postSolution
		{840DED57-5767-4E3F-BCF1-CF91ECDFA1C8}.Debug|Any CPU.ActiveCfg = Debug|Any CPU
		{840DED57-5767-4E3F-BCF1-CF91ECDFA1C8}.Debug|Any CPU.Build.0 = Debug|Any CPU
		{840DED57-5767-4E3F-BCF1-CF91ECDFA1C8}.Release|Any CPU.ActiveCfg = Release|Any CPU
		{840DED57-5767-4E3F-BCF1-CF91ECDFA1C8}.Release|Any CPU.Build.0 = Release|Any CPU
		{DB5812C6-8809-432A-938B-BEDD67FFAF79}.Debug|Any CPU.ActiveCfg = Debug|Any CPU
		{DB5812C6-8809-432A-938B-BEDD67FFAF79}.Debug|Any CPU.Build.0 = Debug|Any CPU
		{DB5812C6-8809-432A-938B-BEDD67FFAF79}.Release|Any CPU.ActiveCfg = Release|Any CPU
		{DB5812C6-8809-432A-938B-BEDD67FFAF79}.Release|Any CPU.Build.0 = Release|Any CPU
	EndGlobalSection
	GlobalSection(SolutionProperties) = preSolution
		HideSolutionNode = FALSE
	EndGlobalSection
EndGlobal
