
Microsoft Visual Studio Solution File, Format Version 11.00
# Visual Studio 2010
Project("{FAE04EC0-301F-11D3-BF4B-00C04F79EFBC}") = "KPKProekt", "KPKProekt.csproj", "{74466889-40C3-463B-BE13-8F28E70D0AF8}"
EndProject
Global
	GlobalSection(SolutionConfigurationPlatforms) = preSolution
		Debug|x86 = Debug|x86
		Release|x86 = Release|x86
	EndGlobalSection
	GlobalSection(ProjectConfigurationPlatforms) = postSolution
		{74466889-40C3-463B-BE13-8F28E70D0AF8}.Debug|x86.ActiveCfg = Debug|x86
		{74466889-40C3-463B-BE13-8F28E70D0AF8}.Debug|x86.Build.0 = Debug|x86
		{74466889-40C3-463B-BE13-8F28E70D0AF8}.Release|x86.ActiveCfg = Release|x86
		{74466889-40C3-463B-BE13-8F28E70D0AF8}.Release|x86.Build.0 = Release|x86
	EndGlobalSection
	GlobalSection(SolutionProperties) = preSolution
		HideSolutionNode = FALSE
	EndGlobalSection
EndGlobal
