
Microsoft Visual Studio Solution File, Format Version 11.00
# Visual Studio 2010
Project("{FAE04EC0-301F-11D3-BF4B-00C04F79EFBC}") = "IgrataPetnaiset", "IgrataPetnaiset.csproj", "{AFB064C3-594C-44A7-9DFE-5247006B6B90}"
EndProject
Global
	GlobalSection(SolutionConfigurationPlatforms) = preSolution
		Debug|x86 = Debug|x86
		Release|x86 = Release|x86
	EndGlobalSection
	GlobalSection(ProjectConfigurationPlatforms) = postSolution
		{AFB064C3-594C-44A7-9DFE-5247006B6B90}.Debug|x86.ActiveCfg = Debug|x86
		{AFB064C3-594C-44A7-9DFE-5247006B6B90}.Debug|x86.Build.0 = Debug|x86
		{AFB064C3-594C-44A7-9DFE-5247006B6B90}.Release|x86.ActiveCfg = Release|x86
		{AFB064C3-594C-44A7-9DFE-5247006B6B90}.Release|x86.Build.0 = Release|x86
	EndGlobalSection
	GlobalSection(SolutionProperties) = preSolution
		HideSolutionNode = FALSE
	EndGlobalSection
EndGlobal
