
Microsoft Visual Studio Solution File, Format Version 12.00
# Visual Studio 2012
Project("{FAE04EC0-301F-11D3-BF4B-00C04F79EFBC}") = "ConsoleApplication1", "ConsoleApplication1.csproj", "{842DAF0E-7B19-48CE-8066-4639CC1F6FB0}"
EndProject
Global
	GlobalSection(SolutionConfigurationPlatforms) = preSolution
		Debug|Any CPU = Debug|Any CPU
		Release|Any CPU = Release|Any CPU
	EndGlobalSection
	GlobalSection(ProjectConfigurationPlatforms) = postSolution
		{842DAF0E-7B19-48CE-8066-4639CC1F6FB0}.Debug|Any CPU.ActiveCfg = Debug|Any CPU
		{842DAF0E-7B19-48CE-8066-4639CC1F6FB0}.Debug|Any CPU.Build.0 = Debug|Any CPU
		{842DAF0E-7B19-48CE-8066-4639CC1F6FB0}.Release|Any CPU.ActiveCfg = Release|Any CPU
		{842DAF0E-7B19-48CE-8066-4639CC1F6FB0}.Release|Any CPU.Build.0 = Release|Any CPU
	EndGlobalSection
	GlobalSection(SolutionProperties) = preSolution
		HideSolutionNode = FALSE
	EndGlobalSection
EndGlobal
