
Microsoft Visual Studio Solution File, Format Version 11.00
# Visual Studio 2010
Project("{FAE04EC0-301F-11D3-BF4B-00C04F79EFBC}") = "ГърмящитеБомби", "ГърмящитеБомби.csproj", "{1CCEAB59-D36D-423E-88D8-55D24ED29F72}"
EndProject
Global
	GlobalSection(SolutionConfigurationPlatforms) = preSolution
		Debug|x86 = Debug|x86
		Release|x86 = Release|x86
	EndGlobalSection
	GlobalSection(ProjectConfigurationPlatforms) = postSolution
		{1CCEAB59-D36D-423E-88D8-55D24ED29F72}.Debug|x86.ActiveCfg = Debug|x86
		{1CCEAB59-D36D-423E-88D8-55D24ED29F72}.Debug|x86.Build.0 = Debug|x86
		{1CCEAB59-D36D-423E-88D8-55D24ED29F72}.Release|x86.ActiveCfg = Release|x86
		{1CCEAB59-D36D-423E-88D8-55D24ED29F72}.Release|x86.Build.0 = Release|x86
	EndGlobalSection
	GlobalSection(SolutionProperties) = preSolution
		HideSolutionNode = FALSE
	EndGlobalSection
EndGlobal
