
Microsoft Visual Studio Solution File, Format Version 11.00
# Visual Studio 2010
Project("{FAE04EC0-301F-11D3-BF4B-00C04F79EFBC}") = "Labyrinth_temp2", "Labyrinth_temp2.csproj", "{810F1946-F8BE-4D85-ACAD-6ACD92FD2439}"
EndProject
Global
	GlobalSection(SolutionConfigurationPlatforms) = preSolution
		Debug|Any CPU = Debug|Any CPU
		Release|Any CPU = Release|Any CPU
	EndGlobalSection
	GlobalSection(ProjectConfigurationPlatforms) = postSolution
		{810F1946-F8BE-4D85-ACAD-6ACD92FD2439}.Debug|Any CPU.ActiveCfg = Debug|Any CPU
		{810F1946-F8BE-4D85-ACAD-6ACD92FD2439}.Debug|Any CPU.Build.0 = Debug|Any CPU
		{810F1946-F8BE-4D85-ACAD-6ACD92FD2439}.Release|Any CPU.ActiveCfg = Release|Any CPU
		{810F1946-F8BE-4D85-ACAD-6ACD92FD2439}.Release|Any CPU.Build.0 = Release|Any CPU
	EndGlobalSection
	GlobalSection(SolutionProperties) = preSolution
		HideSolutionNode = FALSE
	EndGlobalSection
EndGlobal
