
Microsoft Visual Studio Solution File, Format Version 12.00
# Visual Studio 2012
Project("{2150E333-8FDC-42A3-9474-1A3956D46DE8}") = "Structural", "Structural", "{7017215C-C340-4D13-90DC-46C48C1FD08B}"
EndProject
Project("{2150E333-8FDC-42A3-9474-1A3956D46DE8}") = "Creational", "Creational", "{3000B6B0-3AF9-41AF-9B66-436B97A7F1D1}"
EndProject
Project("{2150E333-8FDC-42A3-9474-1A3956D46DE8}") = "Behavioral", "Behavioral", "{1C122608-8829-4E59-AEA8-E2F7CA09A442}"
EndProject
Project("{FAE04EC0-301F-11D3-BF4B-00C04F79EFBC}") = "1. ChainOfResponsibility", "Behavioral\ChainOfResponsibility\1. ChainOfResponsibility.csproj", "{8AAAAB12-4464-4444-97D4-BBAEB3F85D08}"
EndProject
Project("{FAE04EC0-301F-11D3-BF4B-00C04F79EFBC}") = "2. Command", "Behavioral\Command\2. Command.csproj", "{39BBAE25-04B7-4544-B12B-9D85A62BE228}"
EndProject
Project("{FAE04EC0-301F-11D3-BF4B-00C04F79EFBC}") = "3. Observer", "Behavioral\Observer\3. Observer.csproj", "{0F2E9507-6B5A-49F0-812A-E41FEBDF7034}"
EndProject
Project("{FAE04EC0-301F-11D3-BF4B-00C04F79EFBC}") = "4. Mediator", "Behavioral\Mediator\4. Mediator.csproj", "{8C144062-3191-4657-AEE3-E3CFCCA6526E}"
EndProject
Project("{FAE04EC0-301F-11D3-BF4B-00C04F79EFBC}") = "5. Memento", "Behavioral\Memento\5. Memento.csproj", "{FE122B4D-9B06-4321-BF6D-B9E6DD636189}"
EndProject
Project("{FAE04EC0-301F-11D3-BF4B-00C04F79EFBC}") = "6. State", "Behavioral\State\6. State.csproj", "{6B142019-8E91-4FA2-945F-A716411A6217}"
EndProject
Project("{FAE04EC0-301F-11D3-BF4B-00C04F79EFBC}") = "7. Interpreter", "Behavioral\Interpreter\7. Interpreter.csproj", "{D638B5F3-F170-42CC-AD7F-F51A8E999B6C}"
EndProject
Project("{FAE04EC0-301F-11D3-BF4B-00C04F79EFBC}") = "8. Visitor", "Behavioral\Visitor\8. Visitor.csproj", "{334FEA69-239D-4D38-9995-D85DAC0838B1}"
EndProject
Project("{FAE04EC0-301F-11D3-BF4B-00C04F79EFBC}") = "4. Decorator", "Structural\Decorator\4. Decorator.csproj", "{F6009454-4BE4-4C24-B173-514397C200BC}"
EndProject
Project("{FAE04EC0-301F-11D3-BF4B-00C04F79EFBC}") = "6. Bridge", "Structural\Bridge\6. Bridge.csproj", "{25BEACBF-EDD8-4F72-BDD7-25B182F39778}"
EndProject
Project("{FAE04EC0-301F-11D3-BF4B-00C04F79EFBC}") = "5. Adapter", "Structural\Adapter\5. Adapter.csproj", "{39F79F1F-09E5-44A8-8CB7-7333CE04A1F3}"
EndProject
Project("{FAE04EC0-301F-11D3-BF4B-00C04F79EFBC}") = "7. Flyweight", "Structural\Flyweight\7. Flyweight.csproj", "{7CF1C970-861F-4837-96E9-4E6E9E603A63}"
EndProject
Project("{FAE04EC0-301F-11D3-BF4B-00C04F79EFBC}") = "1. Singleton", "Creational\Singleton\1. Singleton.csproj", "{22268D43-911A-4783-A539-5BDFDE282777}"
EndProject
Project("{FAE04EC0-301F-11D3-BF4B-00C04F79EFBC}") = "1.1 Thread Safe Singleton", "Creational\Thread Safe Singleton\1.1 Thread Safe Singleton.csproj", "{E4AA3169-0D85-428F-B73F-E92D4B89D741}"
EndProject
Project("{FAE04EC0-301F-11D3-BF4B-00C04F79EFBC}") = "2. SimpleFactory", "Creational\SimpleFactory\2. SimpleFactory.csproj", "{BA2D1DB5-438C-4817-AEDA-E77A67CF6D6D}"
EndProject
Project("{FAE04EC0-301F-11D3-BF4B-00C04F79EFBC}") = "3. FactoryMethod", "Creational\FactoryMethod\3. FactoryMethod.csproj", "{6BB3CD9A-57A0-46E3-ACF6-BBF20CB3064A}"
EndProject
Project("{FAE04EC0-301F-11D3-BF4B-00C04F79EFBC}") = "4. AbstractFactory", "Creational\AbstactFactory\4. AbstractFactory.csproj", "{C199ACE6-A460-4ECD-821D-1BCA03B8DD94}"
EndProject
Project("{FAE04EC0-301F-11D3-BF4B-00C04F79EFBC}") = "5. Builder", "Creational\Builder\5. Builder.csproj", "{517229BE-DBC9-427A-8B66-104650D5BDD0}"
EndProject
Project("{FAE04EC0-301F-11D3-BF4B-00C04F79EFBC}") = "6. Prototype", "Creational\Prototype\6. Prototype.csproj", "{A37FE8E0-8475-4AF4-88C5-75FF7BD1785F}"
EndProject
Project("{FAE04EC0-301F-11D3-BF4B-00C04F79EFBC}") = "1. Facade", "Structural\Facade\1. Facade.csproj", "{802C37A5-9ABC-4A70-9624-63A2F08845E1}"
EndProject
Project("{FAE04EC0-301F-11D3-BF4B-00C04F79EFBC}") = "2. Composite", "Structural\Composite\2. Composite.csproj", "{295B9340-AEB1-413B-BB0A-905D6A7B6319}"
EndProject
Project("{FAE04EC0-301F-11D3-BF4B-00C04F79EFBC}") = "3. Proxy", "Structural\Proxy\3. Proxy.csproj", "{D9C9DEBA-5BD7-4A87-AE1F-BB4BA103AAE6}"
EndProject
Global
	GlobalSection(SolutionConfigurationPlatforms) = preSolution
		Debug|Any CPU = Debug|Any CPU
		Release|Any CPU = Release|Any CPU
	EndGlobalSection
	GlobalSection(ProjectConfigurationPlatforms) = postSolution
		{8AAAAB12-4464-4444-97D4-BBAEB3F85D08}.Debug|Any CPU.ActiveCfg = Debug|Any CPU
		{8AAAAB12-4464-4444-97D4-BBAEB3F85D08}.Debug|Any CPU.Build.0 = Debug|Any CPU
		{8AAAAB12-4464-4444-97D4-BBAEB3F85D08}.Release|Any CPU.ActiveCfg = Release|Any CPU
		{8AAAAB12-4464-4444-97D4-BBAEB3F85D08}.Release|Any CPU.Build.0 = Release|Any CPU
		{39BBAE25-04B7-4544-B12B-9D85A62BE228}.Debug|Any CPU.ActiveCfg = Debug|Any CPU
		{39BBAE25-04B7-4544-B12B-9D85A62BE228}.Debug|Any CPU.Build.0 = Debug|Any CPU
		{39BBAE25-04B7-4544-B12B-9D85A62BE228}.Release|Any CPU.ActiveCfg = Release|Any CPU
		{39BBAE25-04B7-4544-B12B-9D85A62BE228}.Release|Any CPU.Build.0 = Release|Any CPU
		{0F2E9507-6B5A-49F0-812A-E41FEBDF7034}.Debug|Any CPU.ActiveCfg = Debug|Any CPU
		{0F2E9507-6B5A-49F0-812A-E41FEBDF7034}.Debug|Any CPU.Build.0 = Debug|Any CPU
		{0F2E9507-6B5A-49F0-812A-E41FEBDF7034}.Release|Any CPU.ActiveCfg = Release|Any CPU
		{0F2E9507-6B5A-49F0-812A-E41FEBDF7034}.Release|Any CPU.Build.0 = Release|Any CPU
		{8C144062-3191-4657-AEE3-E3CFCCA6526E}.Debug|Any CPU.ActiveCfg = Debug|Any CPU
		{8C144062-3191-4657-AEE3-E3CFCCA6526E}.Debug|Any CPU.Build.0 = Debug|Any CPU
		{8C144062-3191-4657-AEE3-E3CFCCA6526E}.Release|Any CPU.ActiveCfg = Release|Any CPU
		{8C144062-3191-4657-AEE3-E3CFCCA6526E}.Release|Any CPU.Build.0 = Release|Any CPU
		{FE122B4D-9B06-4321-BF6D-B9E6DD636189}.Debug|Any CPU.ActiveCfg = Debug|Any CPU
		{FE122B4D-9B06-4321-BF6D-B9E6DD636189}.Debug|Any CPU.Build.0 = Debug|Any CPU
		{FE122B4D-9B06-4321-BF6D-B9E6DD636189}.Release|Any CPU.ActiveCfg = Release|Any CPU
		{FE122B4D-9B06-4321-BF6D-B9E6DD636189}.Release|Any CPU.Build.0 = Release|Any CPU
		{6B142019-8E91-4FA2-945F-A716411A6217}.Debug|Any CPU.ActiveCfg = Debug|Any CPU
		{6B142019-8E91-4FA2-945F-A716411A6217}.Debug|Any CPU.Build.0 = Debug|Any CPU
		{6B142019-8E91-4FA2-945F-A716411A6217}.Release|Any CPU.ActiveCfg = Release|Any CPU
		{6B142019-8E91-4FA2-945F-A716411A6217}.Release|Any CPU.Build.0 = Release|Any CPU
		{D638B5F3-F170-42CC-AD7F-F51A8E999B6C}.Debug|Any CPU.ActiveCfg = Debug|Any CPU
		{D638B5F3-F170-42CC-AD7F-F51A8E999B6C}.Debug|Any CPU.Build.0 = Debug|Any CPU
		{D638B5F3-F170-42CC-AD7F-F51A8E999B6C}.Release|Any CPU.ActiveCfg = Release|Any CPU
		{D638B5F3-F170-42CC-AD7F-F51A8E999B6C}.Release|Any CPU.Build.0 = Release|Any CPU
		{334FEA69-239D-4D38-9995-D85DAC0838B1}.Debug|Any CPU.ActiveCfg = Debug|Any CPU
		{334FEA69-239D-4D38-9995-D85DAC0838B1}.Debug|Any CPU.Build.0 = Debug|Any CPU
		{334FEA69-239D-4D38-9995-D85DAC0838B1}.Release|Any CPU.ActiveCfg = Release|Any CPU
		{334FEA69-239D-4D38-9995-D85DAC0838B1}.Release|Any CPU.Build.0 = Release|Any CPU
		{F6009454-4BE4-4C24-B173-514397C200BC}.Debug|Any CPU.ActiveCfg = Debug|Any CPU
		{F6009454-4BE4-4C24-B173-514397C200BC}.Debug|Any CPU.Build.0 = Debug|Any CPU
		{F6009454-4BE4-4C24-B173-514397C200BC}.Release|Any CPU.ActiveCfg = Release|Any CPU
		{F6009454-4BE4-4C24-B173-514397C200BC}.Release|Any CPU.Build.0 = Release|Any CPU
		{25BEACBF-EDD8-4F72-BDD7-25B182F39778}.Debug|Any CPU.ActiveCfg = Debug|Any CPU
		{25BEACBF-EDD8-4F72-BDD7-25B182F39778}.Debug|Any CPU.Build.0 = Debug|Any CPU
		{25BEACBF-EDD8-4F72-BDD7-25B182F39778}.Release|Any CPU.ActiveCfg = Release|Any CPU
		{25BEACBF-EDD8-4F72-BDD7-25B182F39778}.Release|Any CPU.Build.0 = Release|Any CPU
		{39F79F1F-09E5-44A8-8CB7-7333CE04A1F3}.Debug|Any CPU.ActiveCfg = Debug|Any CPU
		{39F79F1F-09E5-44A8-8CB7-7333CE04A1F3}.Debug|Any CPU.Build.0 = Debug|Any CPU
		{39F79F1F-09E5-44A8-8CB7-7333CE04A1F3}.Release|Any CPU.ActiveCfg = Release|Any CPU
		{39F79F1F-09E5-44A8-8CB7-7333CE04A1F3}.Release|Any CPU.Build.0 = Release|Any CPU
		{7CF1C970-861F-4837-96E9-4E6E9E603A63}.Debug|Any CPU.ActiveCfg = Debug|Any CPU
		{7CF1C970-861F-4837-96E9-4E6E9E603A63}.Debug|Any CPU.Build.0 = Debug|Any CPU
		{7CF1C970-861F-4837-96E9-4E6E9E603A63}.Release|Any CPU.ActiveCfg = Release|Any CPU
		{7CF1C970-861F-4837-96E9-4E6E9E603A63}.Release|Any CPU.Build.0 = Release|Any CPU
		{22268D43-911A-4783-A539-5BDFDE282777}.Debug|Any CPU.ActiveCfg = Debug|Any CPU
		{22268D43-911A-4783-A539-5BDFDE282777}.Debug|Any CPU.Build.0 = Debug|Any CPU
		{22268D43-911A-4783-A539-5BDFDE282777}.Release|Any CPU.ActiveCfg = Release|Any CPU
		{22268D43-911A-4783-A539-5BDFDE282777}.Release|Any CPU.Build.0 = Release|Any CPU
		{E4AA3169-0D85-428F-B73F-E92D4B89D741}.Debug|Any CPU.ActiveCfg = Debug|Any CPU
		{E4AA3169-0D85-428F-B73F-E92D4B89D741}.Debug|Any CPU.Build.0 = Debug|Any CPU
		{E4AA3169-0D85-428F-B73F-E92D4B89D741}.Release|Any CPU.ActiveCfg = Release|Any CPU
		{E4AA3169-0D85-428F-B73F-E92D4B89D741}.Release|Any CPU.Build.0 = Release|Any CPU
		{BA2D1DB5-438C-4817-AEDA-E77A67CF6D6D}.Debug|Any CPU.ActiveCfg = Debug|Any CPU
		{BA2D1DB5-438C-4817-AEDA-E77A67CF6D6D}.Debug|Any CPU.Build.0 = Debug|Any CPU
		{BA2D1DB5-438C-4817-AEDA-E77A67CF6D6D}.Release|Any CPU.ActiveCfg = Release|Any CPU
		{BA2D1DB5-438C-4817-AEDA-E77A67CF6D6D}.Release|Any CPU.Build.0 = Release|Any CPU
		{6BB3CD9A-57A0-46E3-ACF6-BBF20CB3064A}.Debug|Any CPU.ActiveCfg = Debug|Any CPU
		{6BB3CD9A-57A0-46E3-ACF6-BBF20CB3064A}.Debug|Any CPU.Build.0 = Debug|Any CPU
		{6BB3CD9A-57A0-46E3-ACF6-BBF20CB3064A}.Release|Any CPU.ActiveCfg = Release|Any CPU
		{6BB3CD9A-57A0-46E3-ACF6-BBF20CB3064A}.Release|Any CPU.Build.0 = Release|Any CPU
		{C199ACE6-A460-4ECD-821D-1BCA03B8DD94}.Debug|Any CPU.ActiveCfg = Debug|Any CPU
		{C199ACE6-A460-4ECD-821D-1BCA03B8DD94}.Debug|Any CPU.Build.0 = Debug|Any CPU
		{C199ACE6-A460-4ECD-821D-1BCA03B8DD94}.Release|Any CPU.ActiveCfg = Release|Any CPU
		{C199ACE6-A460-4ECD-821D-1BCA03B8DD94}.Release|Any CPU.Build.0 = Release|Any CPU
		{517229BE-DBC9-427A-8B66-104650D5BDD0}.Debug|Any CPU.ActiveCfg = Debug|Any CPU
		{517229BE-DBC9-427A-8B66-104650D5BDD0}.Debug|Any CPU.Build.0 = Debug|Any CPU
		{517229BE-DBC9-427A-8B66-104650D5BDD0}.Release|Any CPU.ActiveCfg = Release|Any CPU
		{517229BE-DBC9-427A-8B66-104650D5BDD0}.Release|Any CPU.Build.0 = Release|Any CPU
		{A37FE8E0-8475-4AF4-88C5-75FF7BD1785F}.Debug|Any CPU.ActiveCfg = Debug|Any CPU
		{A37FE8E0-8475-4AF4-88C5-75FF7BD1785F}.Debug|Any CPU.Build.0 = Debug|Any CPU
		{A37FE8E0-8475-4AF4-88C5-75FF7BD1785F}.Release|Any CPU.ActiveCfg = Release|Any CPU
		{A37FE8E0-8475-4AF4-88C5-75FF7BD1785F}.Release|Any CPU.Build.0 = Release|Any CPU
		{802C37A5-9ABC-4A70-9624-63A2F08845E1}.Debug|Any CPU.ActiveCfg = Debug|Any CPU
		{802C37A5-9ABC-4A70-9624-63A2F08845E1}.Debug|Any CPU.Build.0 = Debug|Any CPU
		{802C37A5-9ABC-4A70-9624-63A2F08845E1}.Release|Any CPU.ActiveCfg = Release|Any CPU
		{802C37A5-9ABC-4A70-9624-63A2F08845E1}.Release|Any CPU.Build.0 = Release|Any CPU
		{295B9340-AEB1-413B-BB0A-905D6A7B6319}.Debug|Any CPU.ActiveCfg = Debug|Any CPU
		{295B9340-AEB1-413B-BB0A-905D6A7B6319}.Debug|Any CPU.Build.0 = Debug|Any CPU
		{295B9340-AEB1-413B-BB0A-905D6A7B6319}.Release|Any CPU.ActiveCfg = Release|Any CPU
		{295B9340-AEB1-413B-BB0A-905D6A7B6319}.Release|Any CPU.Build.0 = Release|Any CPU
		{D9C9DEBA-5BD7-4A87-AE1F-BB4BA103AAE6}.Debug|Any CPU.ActiveCfg = Debug|Any CPU
		{D9C9DEBA-5BD7-4A87-AE1F-BB4BA103AAE6}.Debug|Any CPU.Build.0 = Debug|Any CPU
		{D9C9DEBA-5BD7-4A87-AE1F-BB4BA103AAE6}.Release|Any CPU.ActiveCfg = Release|Any CPU
		{D9C9DEBA-5BD7-4A87-AE1F-BB4BA103AAE6}.Release|Any CPU.Build.0 = Release|Any CPU
	EndGlobalSection
	GlobalSection(SolutionProperties) = preSolution
		HideSolutionNode = FALSE
	EndGlobalSection
	GlobalSection(NestedProjects) = preSolution
		{F6009454-4BE4-4C24-B173-514397C200BC} = {7017215C-C340-4D13-90DC-46C48C1FD08B}
		{25BEACBF-EDD8-4F72-BDD7-25B182F39778} = {7017215C-C340-4D13-90DC-46C48C1FD08B}
		{39F79F1F-09E5-44A8-8CB7-7333CE04A1F3} = {7017215C-C340-4D13-90DC-46C48C1FD08B}
		{7CF1C970-861F-4837-96E9-4E6E9E603A63} = {7017215C-C340-4D13-90DC-46C48C1FD08B}
		{802C37A5-9ABC-4A70-9624-63A2F08845E1} = {7017215C-C340-4D13-90DC-46C48C1FD08B}
		{295B9340-AEB1-413B-BB0A-905D6A7B6319} = {7017215C-C340-4D13-90DC-46C48C1FD08B}
		{D9C9DEBA-5BD7-4A87-AE1F-BB4BA103AAE6} = {7017215C-C340-4D13-90DC-46C48C1FD08B}
		{22268D43-911A-4783-A539-5BDFDE282777} = {3000B6B0-3AF9-41AF-9B66-436B97A7F1D1}
		{E4AA3169-0D85-428F-B73F-E92D4B89D741} = {3000B6B0-3AF9-41AF-9B66-436B97A7F1D1}
		{BA2D1DB5-438C-4817-AEDA-E77A67CF6D6D} = {3000B6B0-3AF9-41AF-9B66-436B97A7F1D1}
		{6BB3CD9A-57A0-46E3-ACF6-BBF20CB3064A} = {3000B6B0-3AF9-41AF-9B66-436B97A7F1D1}
		{C199ACE6-A460-4ECD-821D-1BCA03B8DD94} = {3000B6B0-3AF9-41AF-9B66-436B97A7F1D1}
		{517229BE-DBC9-427A-8B66-104650D5BDD0} = {3000B6B0-3AF9-41AF-9B66-436B97A7F1D1}
		{A37FE8E0-8475-4AF4-88C5-75FF7BD1785F} = {3000B6B0-3AF9-41AF-9B66-436B97A7F1D1}
		{8AAAAB12-4464-4444-97D4-BBAEB3F85D08} = {1C122608-8829-4E59-AEA8-E2F7CA09A442}
		{39BBAE25-04B7-4544-B12B-9D85A62BE228} = {1C122608-8829-4E59-AEA8-E2F7CA09A442}
		{0F2E9507-6B5A-49F0-812A-E41FEBDF7034} = {1C122608-8829-4E59-AEA8-E2F7CA09A442}
		{8C144062-3191-4657-AEE3-E3CFCCA6526E} = {1C122608-8829-4E59-AEA8-E2F7CA09A442}
		{FE122B4D-9B06-4321-BF6D-B9E6DD636189} = {1C122608-8829-4E59-AEA8-E2F7CA09A442}
		{6B142019-8E91-4FA2-945F-A716411A6217} = {1C122608-8829-4E59-AEA8-E2F7CA09A442}
		{D638B5F3-F170-42CC-AD7F-F51A8E999B6C} = {1C122608-8829-4E59-AEA8-E2F7CA09A442}
		{334FEA69-239D-4D38-9995-D85DAC0838B1} = {1C122608-8829-4E59-AEA8-E2F7CA09A442}
	EndGlobalSection
EndGlobal
