
Microsoft Visual Studio Solution File, Format Version 11.00
# Visual Studio 2010
Project("{FAE04EC0-301F-11D3-BF4B-00C04F79EFBC}") = "Telerik", "Telerik.csproj", "{7C3AAE3F-4DD4-482C-849F-6091B0992B02}"
EndProject
Global
	GlobalSection(SolutionConfigurationPlatforms) = preSolution
		Debug|x86 = Debug|x86
		Release|x86 = Release|x86
	EndGlobalSection
	GlobalSection(ProjectConfigurationPlatforms) = postSolution
		{7C3AAE3F-4DD4-482C-849F-6091B0992B02}.Debug|x86.ActiveCfg = Debug|x86
		{7C3AAE3F-4DD4-482C-849F-6091B0992B02}.Debug|x86.Build.0 = Debug|x86
		{7C3AAE3F-4DD4-482C-849F-6091B0992B02}.Release|x86.ActiveCfg = Release|x86
		{7C3AAE3F-4DD4-482C-849F-6091B0992B02}.Release|x86.Build.0 = Release|x86
	EndGlobalSection
	GlobalSection(SolutionProperties) = preSolution
		HideSolutionNode = FALSE
	EndGlobalSection
EndGlobal
