
Microsoft Visual Studio Solution File, Format Version 11.00
# Visual Studio 2010
Project("{FAE04EC0-301F-11D3-BF4B-00C04F79EFBC}") = "MinesweeperProject", "MinesweeperProject.csproj", "{22FD43B4-6218-44FD-9611-D7538FFFDBEA}"
EndProject
Global
	GlobalSection(SolutionConfigurationPlatforms) = preSolution
		Debug|x86 = Debug|x86
		Release|x86 = Release|x86
	EndGlobalSection
	GlobalSection(ProjectConfigurationPlatforms) = postSolution
		{22FD43B4-6218-44FD-9611-D7538FFFDBEA}.Debug|x86.ActiveCfg = Debug|x86
		{22FD43B4-6218-44FD-9611-D7538FFFDBEA}.Debug|x86.Build.0 = Debug|x86
		{22FD43B4-6218-44FD-9611-D7538FFFDBEA}.Release|x86.ActiveCfg = Release|x86
		{22FD43B4-6218-44FD-9611-D7538FFFDBEA}.Release|x86.Build.0 = Release|x86
	EndGlobalSection
	GlobalSection(SolutionProperties) = preSolution
		HideSolutionNode = FALSE
	EndGlobalSection
EndGlobal
